maturin==1.9.6 \
    --hash=sha256:5263dda3f71feef2e4122baf5c4620e4b3710dbb7f2121f85a337182de214369
uv_build==0.11.0 \
    --hash=sha256:5169dc5bd05852263faf14fe877c3ac898cf8cfa9df3967f7dbabda1d7509218
setuptools==80.9.0 \
    --hash=sha256:062d34222ad13e0cc312a4c02d73f059e86a4acbfbdea8f8f76b28c99f306922
wheel==0.45.1 \
    --hash=sha256:708e7481cc80179af0e556bbf0cc00b8444c7321e2700b8d8580231d13017248
